
Microsoft Visual Studio Solution File, Format Version 12.00
Project("{FAE04EC0-301F-11D3-BF4B-00C04F79EFBC}") = "Pog", "Pog\Pog.csproj", "{951282DD-481A-460B-B500-38732C96EF40}"
EndProject
Project("{FAE04EC0-301F-11D3-BF4B-00C04F79EFBC}") = "RandomTests", "RandomTests\RandomTests.csproj", "{35808A54-5192-4618-A3EC-91A7A76BB74A}"
EndProject
Project("{FAE04EC0-301F-11D3-BF4B-00C04F79EFBC}") = "Pog.Tests", "Pog.Tests\Pog.Tests.csproj", "{1B442191-0EEB-4D45-B15E-FC1DD8DEB6B0}"
EndProject
Project("{FAE04EC0-301F-11D3-BF4B-00C04F79EFBC}") = "Polyfills", "Polyfills\Polyfills.csproj", "{A086A453-2FE4-47CE-B211-63918CA7C09E}"
EndProject
Project("{FAE04EC0-301F-11D3-BF4B-00C04F79EFBC}") = "RandomBenchmarks", "RandomBenchmarks\RandomBenchmarks.csproj", "{961CC9EA-ED03-4639-BCC4-EA1BB64DD8DB}"
EndProject
Global
	GlobalSection(SolutionConfigurationPlatforms) = preSolution
		Debug|Any CPU = Debug|Any CPU
		Release|Any CPU = Release|Any CPU
	EndGlobalSection
	GlobalSection(ProjectConfigurationPlatforms) = postSolution
		{951282DD-481A-460B-B500-38732C96EF40}.Debug|Any CPU.ActiveCfg = Debug|Any CPU
		{951282DD-481A-460B-B500-38732C96EF40}.Debug|Any CPU.Build.0 = Debug|Any CPU
		{951282DD-481A-460B-B500-38732C96EF40}.Release|Any CPU.ActiveCfg = Release|Any CPU
		{951282DD-481A-460B-B500-38732C96EF40}.Release|Any CPU.Build.0 = Release|Any CPU
		{35808A54-5192-4618-A3EC-91A7A76BB74A}.Debug|Any CPU.ActiveCfg = Debug|Any CPU
		{35808A54-5192-4618-A3EC-91A7A76BB74A}.Debug|Any CPU.Build.0 = Debug|Any CPU
		{35808A54-5192-4618-A3EC-91A7A76BB74A}.Release|Any CPU.ActiveCfg = Release|Any CPU
		{35808A54-5192-4618-A3EC-91A7A76BB74A}.Release|Any CPU.Build.0 = Release|Any CPU
		{1B442191-0EEB-4D45-B15E-FC1DD8DEB6B0}.Debug|Any CPU.ActiveCfg = Debug|Any CPU
		{1B442191-0EEB-4D45-B15E-FC1DD8DEB6B0}.Debug|Any CPU.Build.0 = Debug|Any CPU
		{1B442191-0EEB-4D45-B15E-FC1DD8DEB6B0}.Release|Any CPU.ActiveCfg = Release|Any CPU
		{1B442191-0EEB-4D45-B15E-FC1DD8DEB6B0}.Release|Any CPU.Build.0 = Release|Any CPU
		{A086A453-2FE4-47CE-B211-63918CA7C09E}.Debug|Any CPU.ActiveCfg = Debug|Any CPU
		{A086A453-2FE4-47CE-B211-63918CA7C09E}.Debug|Any CPU.Build.0 = Debug|Any CPU
		{A086A453-2FE4-47CE-B211-63918CA7C09E}.Release|Any CPU.ActiveCfg = Release|Any CPU
		{A086A453-2FE4-47CE-B211-63918CA7C09E}.Release|Any CPU.Build.0 = Release|Any CPU
		{961CC9EA-ED03-4639-BCC4-EA1BB64DD8DB}.Debug|Any CPU.ActiveCfg = Debug|Any CPU
		{961CC9EA-ED03-4639-BCC4-EA1BB64DD8DB}.Debug|Any CPU.Build.0 = Debug|Any CPU
		{961CC9EA-ED03-4639-BCC4-EA1BB64DD8DB}.Release|Any CPU.ActiveCfg = Release|Any CPU
		{961CC9EA-ED03-4639-BCC4-EA1BB64DD8DB}.Release|Any CPU.Build.0 = Release|Any CPU
	EndGlobalSection
EndGlobal
